lockfileVersion: '9.0'

settings:
  autoInstallPeers: true
  excludeLinksFromLockfile: false

importers:

  .:
    dependencies:
      '@mcbe-toolbox-lc/sukuriputils':
        specifier: ^0.3.0
        version: 0.3.0(@minecraft/server@2.4.0(@minecraft/common@1.2.0)(@minecraft/vanilla-data@1.21.111))
      '@mcbe-toolbox-lc/vecarr':
        specifier: ^0.1.3
        version: 0.1.3
      '@minecraft/server':
        specifier: 2.4.0
        version: 2.4.0(@minecraft/common@1.2.0)(@minecraft/vanilla-data@1.21.111)
      gl-matrix:
        specifier: ^3.4.4
        version: 3.4.4
    devDependencies:
      '@types/node':
        specifier: ^22.15.0
        version: 22.18.8
      prettier:
        specifier: ^3.7.4
        version: 3.7.4
      typescript:
        specifier: ^5.9.3
        version: 5.9.3

packages:

  '@mcbe-toolbox-lc/sukuriputils@0.3.0':
    resolution: {integrity: sha512-cEYolT0CJ4Kf+i9l+oPKQpahGL/Njs/M1V7l96sx3yYNSqOdvwEkpPpbDAay4Ql5+49QQlxOZT42tza/IRJtUQ==}
    peerDependencies:
      '@minecraft/server': ^2.3.0

  '@mcbe-toolbox-lc/vecarr@0.1.3':
    resolution: {integrity: sha512-+XE+LJ5mQROJ8w3M+/ccpRFARNwMCJbdXLMr5rB/2kDY4usBCQpbz3/eI77V+85MZAjmmwGfRY7q3whS+Yy2PQ==}

  '@minecraft/common@1.2.0':
    resolution: {integrity: sha512-JdmEq4P3Z/FtoBzhLijFgMSVFnFRrUoLwY8DHHrgtFo0mfLTOLTB1RErYjLMsA6b7BGVNxkX/pfFRiH7QZ0XwQ==}

  '@minecraft/server@2.4.0':
    resolution: {integrity: sha512-xd9dOWQ4RhPQBCt2aui9tp/GCnjvXpi6ZHVxaUr0SPDHfh/GkMRWnyf2Ud6D3pEThp/0giOEtHY1sx2HN9Qd+A==}
    peerDependencies:
      '@minecraft/common': ^1.2.0
      '@minecraft/vanilla-data': '>=1.20.70'

  '@minecraft/vanilla-data@1.21.111':
    resolution: {integrity: sha512-g8FL41gddAp5KWuJ0nbJPgCkxtGZtHYQ9XnxdQGumxlSpAuz2xAnV0zvieXuqHk20Ta6N3j9JD35Wkf4Iy0pZg==}

  '@types/node@22.18.8':
    resolution: {integrity: sha512-pAZSHMiagDR7cARo/cch1f3rXy0AEXwsVsVH09FcyeJVAzCnGgmYis7P3JidtTUjyadhTeSo8TgRPswstghDaw==}

  gl-matrix@3.4.4:
    resolution: {integrity: sha512-latSnyDNt/8zYUB6VIJ6PCh2jBjJX6gnDsoCZ7LyW7GkqrD51EWwa9qCoGixj8YqBtETQK/xY7OmpTF8xz1DdQ==}

  prettier@3.7.4:
    resolution: {integrity: sha512-v6UNi1+3hSlVvv8fSaoUbggEM5VErKmmpGA7Pl3HF8V6uKY7rvClBOJlH6yNwQtfTueNkGVpOv/mtWL9L4bgRA==}
    engines: {node: '>=14'}
    hasBin: true

  typescript@5.9.3:
    resolution: {integrity: sha512-jl1vZzPDinLr9eUt3J/t7V6FgNEw9QjvBPdysz9KfQDD41fQrC2Y4vKQdiaUpFT4bXlb1RHhLpp8wtm6M5TgSw==}
    engines: {node: '>=14.17'}
    hasBin: true

  undici-types@6.21.0:
    resolution: {integrity: sha512-iwDZqg0QAGrg9Rav5H4n0M64c3mkR59cJ6wQp+7C4nI0gsmExaedaYLNO44eT4AtBBwjbTiGPMlt2Md0T9H9JQ==}

snapshots:

  '@mcbe-toolbox-lc/sukuriputils@0.3.0(@minecraft/server@2.4.0(@minecraft/common@1.2.0)(@minecraft/vanilla-data@1.21.111))':
    dependencies:
      '@minecraft/server': 2.4.0(@minecraft/common@1.2.0)(@minecraft/vanilla-data@1.21.111)

  '@mcbe-toolbox-lc/vecarr@0.1.3': {}

  '@minecraft/common@1.2.0': {}

  '@minecraft/server@2.4.0(@minecraft/common@1.2.0)(@minecraft/vanilla-data@1.21.111)':
    dependencies:
      '@minecraft/common': 1.2.0
      '@minecraft/vanilla-data': 1.21.111

  '@minecraft/vanilla-data@1.21.111': {}

  '@types/node@22.18.8':
    dependencies:
      undici-types: 6.21.0

  gl-matrix@3.4.4: {}

  prettier@3.7.4: {}

  typescript@5.9.3: {}

  undici-types@6.21.0: {}
